// !$*UTF8*$!
{
	archiveVersion = 1;
	classes = {
	};
	objectVersion = 50;
	objects = {

/* Begin PBXBuildFile section */
		5209005923D78B10004954CD /* AppDelegate.swift in Sources */ = {isa = PBXBuildFile; fileRef = 5209005823D78B10004954CD /* AppDelegate.swift */; };
		5209005B23D78B10004954CD /* ViewController.swift in Sources */ = {isa = PBXBuildFile; fileRef = 5209005A23D78B10004954CD /* ViewController.swift */; };
		5209005E23D78B10004954CD /* Main.storyboard in Resources */ = {isa = PBXBuildFile; fileRef = 5209005C23D78B10004954CD /* Main.storyboard */; };
		5209006023D78B11004954CD /* Assets.xcassets in Resources */ = {isa = PBXBuildFile; fileRef = 5209005F23D78B11004954CD /* Assets.xcassets */; };
		5209006323D78B11004954CD /* LaunchScreen.storyboard in Resources */ = {isa = PBXBuildFile; fileRef = 5209006123D78B11004954CD /* LaunchScreen.storyboard */; };
		5209006E23D78B11004954CD /* MultiPageLandscapeTests.swift in Sources */ = {isa = PBXBuildFile; fileRef = 5209006D23D78B11004954CD /* MultiPageLandscapeTests.swift */; };
		5209007923D78B11004954CD /* MultiPageLandscapeUITests.swift in Sources */ = {isa = PBXBuildFile; fileRef = 5209007823D78B11004954CD /* MultiPageLandscapeUITests.swift */; };
		5209008E23D78C84004954CD /* home.jpg in Resources */ = {isa = PBXBuildFile; fileRef = 5209008C23D78C84004954CD /* home.jpg */; };
		5209008F23D78C84004954CD /* splashHome.png in Resources */ = {isa = PBXBuildFile; fileRef = 5209008D23D78C84004954CD /* splashHome.png */; };
		5269961323D7958D00314F26 /* GameViewController.swift in Sources */ = {isa = PBXBuildFile; fileRef = 5269961223D7958D00314F26 /* GameViewController.swift */; };
		5269961523D795A500314F26 /* SettingViewController.swift in Sources */ = {isa = PBXBuildFile; fileRef = 5269961423D795A500314F26 /* SettingViewController.swift */; };
/* End PBXBuildFile section */

/* Begin PBXContainerItemProxy section */
		5209006A23D78B11004954CD /* PBXContainerItemProxy */ = {
			isa = PBXContainerItemProxy;
			containerPortal = 5209004D23D78B10004954CD /* Project object */;
			proxyType = 1;
			remoteGlobalIDString = 5209005423D78B10004954CD;
			remoteInfo = MultiPageLandscape;
		};
		5209007523D78B11004954CD /* PBXContainerItemProxy */ = {
			isa = PBXContainerItemProxy;
			containerPortal = 5209004D23D78B10004954CD /* Project object */;
			proxyType = 1;
			remoteGlobalIDString = 5209005423D78B10004954CD;
			remoteInfo = MultiPageLandscape;
		};
/* End PBXContainerItemProxy section */

/* Begin PBXFileReference section */
		5209005523D78B10004954CD /* MultiPageLandscape.app */ = {isa = PBXFileReference; explicitFileType = wrapper.application; includeInIndex = 0; path = MultiPageLandscape.app; sourceTree = BUILT_PRODUCTS_DIR; };
		5209005823D78B10004954CD /* AppDelegate.swift */ = {isa = PBXFileReference; lastKnownFileType = sourcecode.swift; path = AppDelegate.swift; sourceTree = "<group>"; };
		5209005A23D78B10004954CD /* ViewController.swift */ = {isa = PBXFileReference; lastKnownFileType = sourcecode.swift; path = ViewController.swift; sourceTree = "<group>"; };
		5209005D23D78B10004954CD /* Base */ = {isa = PBXFileReference; lastKnownFileType = file.storyboard; name = Base; path = Base.lproj/Main.storyboard; sourceTree = "<group>"; };
		5209005F23D78B11004954CD /* Assets.xcassets */ = {isa = PBXFileReference; lastKnownFileType = folder.assetcatalog; path = Assets.xcassets; sourceTree = "<group>"; };
		5209006223D78B11004954CD /* Base */ = {isa = PBXFileReference; lastKnownFileType = file.storyboard; name = Base; path = Base.lproj/LaunchScreen.storyboard; sourceTree = "<group>"; };
		5209006423D78B11004954CD /* Info.plist */ = {isa = PBXFileReference; lastKnownFileType = text.plist.xml; path = Info.plist; sourceTree = "<group>"; };
		5209006923D78B11004954CD /* MultiPageLandscapeTests.xctest */ = {isa = PBXFileReference; explicitFileType = wrapper.cfbundle; includeInIndex = 0; path = MultiPageLandscapeTests.xctest; sourceTree = BUILT_PRODUCTS_DIR; };
		5209006D23D78B11004954CD /* MultiPageLandscapeTests.swift */ = {isa = PBXFileReference; lastKnownFileType = sourcecode.swift; path = MultiPageLandscapeTests.swift; sourceTree = "<group>"; };
		5209006F23D78B11004954CD /* Info.plist */ = {isa = PBXFileReference; lastKnownFileType = text.plist.xml; path = Info.plist; sourceTree = "<group>"; };
		5209007423D78B11004954CD /* MultiPageLandscapeUITests.xctest */ = {isa = PBXFileReference; explicitFileType = wrapper.cfbundle; includeInIndex = 0; path = MultiPageLandscapeUITests.xctest; sourceTree = BUILT_PRODUCTS_DIR; };
		5209007823D78B11004954CD /* MultiPageLandscapeUITests.swift */ = {isa = PBXFileReference; lastKnownFileType = sourcecode.swift; path = MultiPageLandscapeUITests.swift; sourceTree = "<group>"; };
		5209007A23D78B11004954CD /* Info.plist */ = {isa = PBXFileReference; lastKnownFileType = text.plist.xml; path = Info.plist; sourceTree = "<group>"; };
		5209008C23D78C84004954CD /* home.jpg */ = {isa = PBXFileReference; lastKnownFileType = image.jpeg; path = home.jpg; sourceTree = "<group>"; };
		5209008D23D78C84004954CD /* splashHome.png */ = {isa = PBXFileReference; lastKnownFileType = image.png; path = splashHome.png; sourceTree = "<group>"; };
		5269961223D7958D00314F26 /* GameViewController.swift */ = {isa = PBXFileReference; lastKnownFileType = sourcecode.swift; path = GameViewController.swift; sourceTree = "<group>"; };
		5269961423D795A500314F26 /* SettingViewController.swift */ = {isa = PBXFileReference; lastKnownFileType = sourcecode.swift; path = SettingViewController.swift; sourceTree = "<group>"; };
/* End PBXFileReference section */

/* Begin PBXFrameworksBuildPhase section */
		5209005223D78B10004954CD /* Frameworks */ = {
			isa = PBXFrameworksBuildPhase;
			buildActionMask = 2147483647;
			files = (
			);
			runOnlyForDeploymentPostprocessing = 0;
		};
		5209006623D78B11004954CD /* Frameworks */ = {
			isa = PBXFrameworksBuildPhase;
			buildActionMask = 2147483647;
			files = (
			);
			runOnlyForDeploymentPostprocessing = 0;
		};
		5209007123D78B11004954CD /* Frameworks */ = {
			isa = PBXFrameworksBuildPhase;
			buildActionMask = 2147483647;
			files = (
			);
			runOnlyForDeploymentPostprocessing = 0;
		};
/* End PBXFrameworksBuildPhase section */

/* Begin PBXGroup section */
		5209004C23D78B10004954CD = {
			isa = PBXGroup;
			children = (
				5209005723D78B10004954CD /* MultiPageLandscape */,
				5209006C23D78B11004954CD /* MultiPageLandscapeTests */,
				5209007723D78B11004954CD /* MultiPageLandscapeUITests */,
				5209005623D78B10004954CD /* Products */,
			);
			sourceTree = "<group>";
		};
		5209005623D78B10004954CD /* Products */ = {
			isa = PBXGroup;
			children = (
				5209005523D78B10004954CD /* MultiPageLandscape.app */,
				5209006923D78B11004954CD /* MultiPageLandscapeTests.xctest */,
				5209007423D78B11004954CD /* MultiPageLandscapeUITests.xctest */,
			);
			name = Products;
			sourceTree = "<group>";
		};
		5209005723D78B10004954CD /* MultiPageLandscape */ = {
			isa = PBXGroup;
			children = (
				5209008923D78B70004954CD /* Storyboards */,
				5209008823D78B5A004954CD /* View Controllers */,
				5209008723D78B4C004954CD /* Classes */,
				5209008623D78B45004954CD /* Images */,
				5209005F23D78B11004954CD /* Assets.xcassets */,
				5209006423D78B11004954CD /* Info.plist */,
			);
			path = MultiPageLandscape;
			sourceTree = "<group>";
		};
		5209006C23D78B11004954CD /* MultiPageLandscapeTests */ = {
			isa = PBXGroup;
			children = (
				5209006D23D78B11004954CD /* MultiPageLandscapeTests.swift */,
				5209006F23D78B11004954CD /* Info.plist */,
			);
			path = MultiPageLandscapeTests;
			sourceTree = "<group>";
		};
		5209007723D78B11004954CD /* MultiPageLandscapeUITests */ = {
			isa = PBXGroup;
			children = (
				5209007823D78B11004954CD /* MultiPageLandscapeUITests.swift */,
				5209007A23D78B11004954CD /* Info.plist */,
			);
			path = MultiPageLandscapeUITests;
			sourceTree = "<group>";
		};
		5209008623D78B45004954CD /* Images */ = {
			isa = PBXGroup;
			children = (
				5209008C23D78C84004954CD /* home.jpg */,
				5209008D23D78C84004954CD /* splashHome.png */,
			);
			path = Images;
			sourceTree = "<group>";
		};
		5209008723D78B4C004954CD /* Classes */ = {
			isa = PBXGroup;
			children = (
				5209005823D78B10004954CD /* AppDelegate.swift */,
			);
			path = Classes;
			sourceTree = "<group>";
		};
		5209008823D78B5A004954CD /* View Controllers */ = {
			isa = PBXGroup;
			children = (
				5209005A23D78B10004954CD /* ViewController.swift */,
				5269961223D7958D00314F26 /* GameViewController.swift */,
				5269961423D795A500314F26 /* SettingViewController.swift */,
			);
			path = "View Controllers";
			sourceTree = "<group>";
		};
		5209008923D78B70004954CD /* Storyboards */ = {
			isa = PBXGroup;
			children = (
				5209005C23D78B10004954CD /* Main.storyboard */,
				5209006123D78B11004954CD /* LaunchScreen.storyboard */,
			);
			path = Storyboards;
			sourceTree = "<group>";
		};
/* End PBXGroup section */

/* Begin PBXNativeTarget section */
		5209005423D78B10004954CD /* MultiPageLandscape */ = {
			isa = PBXNativeTarget;
			buildConfigurationList = 5209007D23D78B11004954CD /* Build configuration list for PBXNativeTarget "MultiPageLandscape" */;
			buildPhases = (
				5209005123D78B10004954CD /* Sources */,
				5209005223D78B10004954CD /* Frameworks */,
				5209005323D78B10004954CD /* Resources */,
			);
			buildRules = (
			);
			dependencies = (
			);
			name = MultiPageLandscape;
			productName = MultiPageLandscape;
			productReference = 5209005523D78B10004954CD /* MultiPageLandscape.app */;
			productType = "com.apple.product-type.application";
		};
		5209006823D78B11004954CD /* MultiPageLandscapeTests */ = {
			isa = PBXNativeTarget;
			buildConfigurationList = 5209008023D78B11004954CD /* Build configuration list for PBXNativeTarget "MultiPageLandscapeTests" */;
			buildPhases = (
				5209006523D78B11004954CD /* Sources */,
				5209006623D78B11004954CD /* Frameworks */,
				5209006723D78B11004954CD /* Resources */,
			);
			buildRules = (
			);
			dependencies = (
				5209006B23D78B11004954CD /* PBXTargetDependency */,
			);
			name = MultiPageLandscapeTests;
			productName = MultiPageLandscapeTests;
			productReference = 5209006923D78B11004954CD /* MultiPageLandscapeTests.xctest */;
			productType = "com.apple.product-type.bundle.unit-test";
		};
		5209007323D78B11004954CD /* MultiPageLandscapeUITests */ = {
			isa = PBXNativeTarget;
			buildConfigurationList = 5209008323D78B11004954CD /* Build configuration list for PBXNativeTarget "MultiPageLandscapeUITests" */;
			buildPhases = (
				5209007023D78B11004954CD /* Sources */,
				5209007123D78B11004954CD /* Frameworks */,
				5209007223D78B11004954CD /* Resources */,
			);
			buildRules = (
			);
			dependencies = (
				5209007623D78B11004954CD /* PBXTargetDependency */,
			);
			name = MultiPageLandscapeUITests;
			productName = MultiPageLandscapeUITests;
			productReference = 5209007423D78B11004954CD /* MultiPageLandscapeUITests.xctest */;
			productType = "com.apple.product-type.bundle.ui-testing";
		};
/* End PBXNativeTarget section */

/* Begin PBXProject section */
		5209004D23D78B10004954CD /* Project object */ = {
			isa = PBXProject;
			attributes = {
				LastSwiftUpdateCheck = 1030;
				LastUpgradeCheck = 1030;
				ORGANIZATIONNAME = John;
				TargetAttributes = {
					5209005423D78B10004954CD = {
						CreatedOnToolsVersion = 10.3;
					};
					5209006823D78B11004954CD = {
						CreatedOnToolsVersion = 10.3;
						TestTargetID = 5209005423D78B10004954CD;
					};
					5209007323D78B11004954CD = {
						CreatedOnToolsVersion = 10.3;
						TestTargetID = 5209005423D78B10004954CD;
					};
				};
			};
			buildConfigurationList = 5209005023D78B10004954CD /* Build configuration list for PBXProject "MultiPageLandscape" */;
			compatibilityVersion = "Xcode 9.3";
			developmentRegion = en;
			hasScannedForEncodings = 0;
			knownRegions = (
				en,
				Base,
			);
			mainGroup = 5209004C23D78B10004954CD;
			productRefGroup = 5209005623D78B10004954CD /* Products */;
			projectDirPath = "";
			projectRoot = "";
			targets = (
				5209005423D78B10004954CD /* MultiPageLandscape */,
				5209006823D78B11004954CD /* MultiPageLandscapeTests */,
				5209007323D78B11004954CD /* MultiPageLandscapeUITests */,
			);
		};
/* End PBXProject section */

/* Begin PBXResourcesBuildPhase section */
		5209005323D78B10004954CD /* Resources */ = {
			isa = PBXResourcesBuildPhase;
			buildActionMask = 2147483647;
			files = (
				5209008F23D78C84004954CD /* splashHome.png in Resources */,
				5209008E23D78C84004954CD /* home.jpg in Resources */,
				5209006323D78B11004954CD /* LaunchScreen.storyboard in Resources */,
				5209006023D78B11004954CD /* Assets.xcassets in Resources */,
				5209005E23D78B10004954CD /* Main.storyboard in Resources */,
			);
			runOnlyForDeploymentPostprocessing = 0;
		};
		5209006723D78B11004954CD /* Resources */ = {
			isa = PBXResourcesBuildPhase;
			buildActionMask = 2147483647;
			files = (
			);
			runOnlyForDeploymentPostprocessing = 0;
		};
		5209007223D78B11004954CD /* Resources */ = {
			isa = PBXResourcesBuildPhase;
			buildActionMask = 2147483647;
			files = (
			);
			runOnlyForDeploymentPostprocessing = 0;
		};
/* End PBXResourcesBuildPhase section */

/* Begin PBXSourcesBuildPhase section */
		5209005123D78B10004954CD /* Sources */ = {
			isa = PBXSourcesBuildPhase;
			buildActionMask = 2147483647;
			files = (
				5209005B23D78B10004954CD /* ViewController.swift in Sources */,
				5269961323D7958D00314F26 /* GameViewController.swift in Sources */,
				5209005923D78B10004954CD /* AppDelegate.swift in Sources */,
				5269961523D795A500314F26 /* SettingViewController.swift in Sources */,
			);
			runOnlyForDeploymentPostprocessing = 0;
		};
		5209006523D78B11004954CD /* Sources */ = {
			isa = PBXSourcesBuildPhase;
			buildActionMask = 2147483647;
			files = (
				5209006E23D78B11004954CD /* MultiPageLandscapeTests.swift in Sources */,
			);
			runOnlyForDeploymentPostprocessing = 0;
		};
		5209007023D78B11004954CD /* Sources */ = {
			isa = PBXSourcesBuildPhase;
			buildActionMask = 2147483647;
			files = (
				5209007923D78B11004954CD /* MultiPageLandscapeUITests.swift in Sources */,
			);
			runOnlyForDeploymentPostprocessing = 0;
		};
/* End PBXSourcesBuildPhase section */

/* Begin PBXTargetDependency section */
		5209006B23D78B11004954CD /* PBXTargetDependency */ = {
			isa = PBXTargetDependency;
			target = 5209005423D78B10004954CD /* MultiPageLandscape */;
			targetProxy = 5209006A23D78B11004954CD /* PBXContainerItemProxy */;
		};
		5209007623D78B11004954CD /* PBXTargetDependency */ = {
			isa = PBXTargetDependency;
			target = 5209005423D78B10004954CD /* MultiPageLandscape */;
			targetProxy = 5209007523D78B11004954CD /* PBXContainerItemProxy */;
		};
/* End PBXTargetDependency section */

/* Begin PBXVariantGroup section */
		5209005C23D78B10004954CD /* Main.storyboard */ = {
			isa = PBXVariantGroup;
			children = (
				5209005D23D78B10004954CD /* Base */,
			);
			name = Main.storyboard;
			sourceTree = "<group>";
		};
		5209006123D78B11004954CD /* LaunchScreen.storyboard */ = {
			isa = PBXVariantGroup;
			children = (
				5209006223D78B11004954CD /* Base */,
			);
			name = LaunchScreen.storyboard;
			sourceTree = "<group>";
		};
/* End PBXVariantGroup section */

/* Begin XCBuildConfiguration section */
		5209007B23D78B11004954CD /* Debug */ = {
			isa = XCBuildConfiguration;
			buildSettings = {
				ALWAYS_SEARCH_USER_PATHS = NO;
				CLANG_ANALYZER_NONNULL = YES;
				CLANG_ANALYZER_NUMBER_OBJECT_CONVERSION = YES_AGGRESSIVE;
				CLANG_CXX_LANGUAGE_STANDARD = "gnu++14";
				CLANG_CXX_LIBRARY = "libc++";
				CLANG_ENABLE_MODULES = YES;
				CLANG_ENABLE_OBJC_ARC = YES;
				CLANG_ENABLE_OBJC_WEAK = YES;
				CLANG_WARN_BLOCK_CAPTURE_AUTORELEASING = YES;
				CLANG_WARN_BOOL_CONVERSION = YES;
				CLANG_WARN_COMMA = YES;
				CLANG_WARN_CONSTANT_CONVERSION = YES;
				CLANG_WARN_DEPRECATED_OBJC_IMPLEMENTATIONS = YES;
				CLANG_WARN_DIRECT_OBJC_ISA_USAGE = YES_ERROR;
				CLANG_WARN_DOCUMENTATION_COMMENTS = YES;
				CLANG_WARN_EMPTY_BODY = YES;
				CLANG_WARN_ENUM_CONVERSION = YES;
				CLANG_WARN_INFINITE_RECURSION = YES;
				CLANG_WARN_INT_CONVERSION = YES;
				CLANG_WARN_NON_LITERAL_NULL_CONVERSION = YES;
				CLANG_WARN_OBJC_IMPLICIT_RETAIN_SELF = YES;
				CLANG_WARN_OBJC_LITERAL_CONVERSION = YES;
				CLANG_WARN_OBJC_ROOT_CLASS = YES_ERROR;
				CLANG_WARN_RANGE_LOOP_ANALYSIS = YES;
				CLANG_WARN_STRICT_PROTOTYPES = YES;
				CLANG_WARN_SUSPICIOUS_MOVE = YES;
				CLANG_WARN_UNGUARDED_AVAILABILITY = YES_AGGRESSIVE;
				CLANG_WARN_UNREACHABLE_CODE = YES;
				CLANG_WARN__DUPLICATE_METHOD_MATCH = YES;
				CODE_SIGN_IDENTITY = "iPhone Developer";
				COPY_PHASE_STRIP = NO;
				DEBUG_INFORMATION_FORMAT = dwarf;
				ENABLE_STRICT_OBJC_MSGSEND = YES;
				ENABLE_TESTABILITY = YES;
				GCC_C_LANGUAGE_STANDARD = gnu11;
				GCC_DYNAMIC_NO_PIC = NO;
				GCC_NO_COMMON_BLOCKS = YES;
				GCC_OPTIMIZATION_LEVEL = 0;
				GCC_PREPROCESSOR_DEFINITIONS = (
					"DEBUG=1",
					"$(inherited)",
				);
				GCC_WARN_64_TO_32_BIT_CONVERSION = YES;
				GCC_WARN_ABOUT_RETURN_TYPE = YES_ERROR;
				GCC_WARN_UNDECLARED_SELECTOR = YES;
				GCC_WARN_UNINITIALIZED_AUTOS = YES_AGGRESSIVE;
				GCC_WARN_UNUSED_FUNCTION = YES;
				GCC_WARN_UNUSED_VARIABLE = YES;
				IPHONEOS_DEPLOYMENT_TARGET = 12.4;
				MTL_ENABLE_DEBUG_INFO = INCLUDE_SOURCE;
				MTL_FAST_MATH = YES;
				ONLY_ACTIVE_ARCH = YES;
				SDKROOT = iphoneos;
				SWIFT_ACTIVE_COMPILATION_CONDITIONS = DEBUG;
				SWIFT_OPTIMIZATION_LEVEL = "-Onone";
			};
			name = Debug;
		};
		5209007C23D78B11004954CD /* Release */ = {
			isa = XCBuildConfiguration;
			buildSettings = {
				ALWAYS_SEARCH_USER_PATHS = NO;
				CLANG_ANALYZER_NONNULL = YES;
				CLANG_ANALYZER_NUMBER_OBJECT_CONVERSION = YES_AGGRESSIVE;
				CLANG_CXX_LANGUAGE_STANDARD = "gnu++14";
				CLANG_CXX_LIBRARY = "libc++";
				CLANG_ENABLE_MODULES = YES;
				CLANG_ENABLE_OBJC_ARC = YES;
				CLANG_ENABLE_OBJC_WEAK = YES;
				CLANG_WARN_BLOCK_CAPTURE_AUTORELEASING = YES;
				CLANG_WARN_BOOL_CONVERSION = YES;
				CLANG_WARN_COMMA = YES;
				CLANG_WARN_CONSTANT_CONVERSION = YES;
				CLANG_WARN_DEPRECATED_OBJC_IMPLEMENTATIONS = YES;
				CLANG_WARN_DIRECT_OBJC_ISA_USAGE = YES_ERROR;
				CLANG_WARN_DOCUMENTATION_COMMENTS = YES;
				CLANG_WARN_EMPTY_BODY = YES;
				CLANG_WARN_ENUM_CONVERSION = YES;
				CLANG_WARN_INFINITE_RECURSION = YES;
				CLANG_WARN_INT_CONVERSION = YES;
				CLANG_WARN_NON_LITERAL_NULL_CONVERSION = YES;
				CLANG_WARN_OBJC_IMPLICIT_RETAIN_SELF = YES;
				CLANG_WARN_OBJC_LITERAL_CONVERSION = YES;
				CLANG_WARN_OBJC_ROOT_CLASS = YES_ERROR;
				CLANG_WARN_RANGE_LOOP_ANALYSIS = YES;
				CLANG_WARN_STRICT_PROTOTYPES = YES;
				CLANG_WARN_SUSPICIOUS_MOVE = YES;
				CLANG_WARN_UNGUARDED_AVAILABILITY = YES_AGGRESSIVE;
				CLANG_WARN_UNREACHABLE_CODE = YES;
				CLANG_WARN__DUPLICATE_METHOD_MATCH = YES;
				CODE_SIGN_IDENTITY = "iPhone Developer";
				COPY_PHASE_STRIP = NO;
				DEBUG_INFORMATION_FORMAT = "dwarf-with-dsym";
				ENABLE_NS_ASSERTIONS = NO;
				ENABLE_STRICT_OBJC_MSGSEND = YES;
				GCC_C_LANGUAGE_STANDARD = gnu11;
				GCC_NO_COMMON_BLOCKS = YES;
				GCC_WARN_64_TO_32_BIT_CONVERSION = YES;
				GCC_WARN_ABOUT_RETURN_TYPE = YES_ERROR;
				GCC_WARN_UNDECLARED_SELECTOR = YES;
				GCC_WARN_UNINITIALIZED_AUTOS = YES_AGGRESSIVE;
				GCC_WARN_UNUSED_FUNCTION = YES;
				GCC_WARN_UNUSED_VARIABLE = YES;
				IPHONEOS_DEPLOYMENT_TARGET = 12.4;
				MTL_ENABLE_DEBUG_INFO = NO;
				MTL_FAST_MATH = YES;
				SDKROOT = iphoneos;
				SWIFT_COMPILATION_MODE = wholemodule;
				SWIFT_OPTIMIZATION_LEVEL = "-O";
				VALIDATE_PRODUCT = YES;
			};
			name = Release;
		};
		5209007E23D78B11004954CD /* Debug */ = {
			isa = XCBuildConfiguration;
			buildSettings = {
				ASSETCATALOG_COMPILER_APPICON_NAME = AppIcon;
				CODE_SIGN_STYLE = Automatic;
				DEVELOPMENT_TEAM = "";
				INFOPLIST_FILE = MultiPageLandscape/Info.plist;
				LD_RUNPATH_SEARCH_PATHS = (
					"$(inherited)",
					"@executable_path/Frameworks",
				);
				PRODUCT_BUNDLE_IDENTIFIER = sapanjo.MultiPageLandscape;
				PRODUCT_NAME = "$(TARGET_NAME)";
				SWIFT_VERSION = 5.0;
				TARGETED_DEVICE_FAMILY = "1,2";
			};
			name = Debug;
		};
		5209007F23D78B11004954CD /* Release */ = {
			isa = XCBuildConfiguration;
			buildSettings = {
				ASSETCATALOG_COMPILER_APPICON_NAME = AppIcon;
				CODE_SIGN_STYLE = Automatic;
				DEVELOPMENT_TEAM = "";
				INFOPLIST_FILE = MultiPageLandscape/Info.plist;
				LD_RUNPATH_SEARCH_PATHS = (
					"$(inherited)",
					"@executable_path/Frameworks",
				);
				PRODUCT_BUNDLE_IDENTIFIER = sapanjo.MultiPageLandscape;
				PRODUCT_NAME = "$(TARGET_NAME)";
				SWIFT_VERSION = 5.0;
				TARGETED_DEVICE_FAMILY = "1,2";
			};
			name = Release;
		};
		5209008123D78B11004954CD /* Debug */ = {
			isa = XCBuildConfiguration;
			buildSettings = {
				ALWAYS_EMBED_SWIFT_STANDARD_LIBRARIES = YES;
				BUNDLE_LOADER = "$(TEST_HOST)";
				CODE_SIGN_STYLE = Automatic;
				DEVELOPMENT_TEAM = VH48J5WGPR;
				INFOPLIST_FILE = MultiPageLandscapeTests/Info.plist;
				LD_RUNPATH_SEARCH_PATHS = (
					"$(inherited)",
					"@executable_path/Frameworks",
					"@loader_path/Frameworks",
				);
				PRODUCT_BUNDLE_IDENTIFIER = sapanjo.MultiPageLandscapeTests;
				PRODUCT_NAME = "$(TARGET_NAME)";
				SWIFT_VERSION = 5.0;
				TARGETED_DEVICE_FAMILY = "1,2";
				TEST_HOST = "$(BUILT_PRODUCTS_DIR)/MultiPageLandscape.app/MultiPageLandscape";
			};
			name = Debug;
		};
		5209008223D78B11004954CD /* Release */ = {
			isa = XCBuildConfiguration;
			buildSettings = {
				ALWAYS_EMBED_SWIFT_STANDARD_LIBRARIES = YES;
				BUNDLE_LOADER = "$(TEST_HOST)";
				CODE_SIGN_STYLE = Automatic;
				DEVELOPMENT_TEAM = VH48J5WGPR;
				INFOPLIST_FILE = MultiPageLandscapeTests/Info.plist;
				LD_RUNPATH_SEARCH_PATHS = (
					"$(inherited)",
					"@executable_path/Frameworks",
					"@loader_path/Frameworks",
				);
				PRODUCT_BUNDLE_IDENTIFIER = sapanjo.MultiPageLandscapeTests;
				PRODUCT_NAME = "$(TARGET_NAME)";
				SWIFT_VERSION = 5.0;
				TARGETED_DEVICE_FAMILY = "1,2";
				TEST_HOST = "$(BUILT_PRODUCTS_DIR)/MultiPageLandscape.app/MultiPageLandscape";
			};
			name = Release;
		};
		5209008423D78B11004954CD /* Debug */ = {
			isa = XCBuildConfiguration;
			buildSettings = {
				ALWAYS_EMBED_SWIFT_STANDARD_LIBRARIES = YES;
				CODE_SIGN_STYLE = Automatic;
				DEVELOPMENT_TEAM = VH48J5WGPR;
				INFOPLIST_FILE = MultiPageLandscapeUITests/Info.plist;
				LD_RUNPATH_SEARCH_PATHS = (
					"$(inherited)",
					"@executable_path/Frameworks",
					"@loader_path/Frameworks",
				);
				PRODUCT_BUNDLE_IDENTIFIER = sapanjo.MultiPageLandscapeUITests;
				PRODUCT_NAME = "$(TARGET_NAME)";
				SWIFT_VERSION = 5.0;
				TARGETED_DEVICE_FAMILY = "1,2";
				TEST_TARGET_NAME = MultiPageLandscape;
			};
			name = Debug;
		};
		5209008523D78B11004954CD /* Release */ = {
			isa = XCBuildConfiguration;
			buildSettings = {
				ALWAYS_EMBED_SWIFT_STANDARD_LIBRARIES = YES;
				CODE_SIGN_STYLE = Automatic;
				DEVELOPMENT_TEAM = VH48J5WGPR;
				INFOPLIST_FILE = MultiPageLandscapeUITests/Info.plist;
				LD_RUNPATH_SEARCH_PATHS = (
					"$(inherited)",
					"@executable_path/Frameworks",
					"@loader_path/Frameworks",
				);
				PRODUCT_BUNDLE_IDENTIFIER = sapanjo.MultiPageLandscapeUITests;
				PRODUCT_NAME = "$(TARGET_NAME)";
				SWIFT_VERSION = 5.0;
				TARGETED_DEVICE_FAMILY = "1,2";
				TEST_TARGET_NAME = MultiPageLandscape;
			};
			name = Release;
		};
/* End XCBuildConfiguration section */

/* Begin XCConfigurationList section */
		5209005023D78B10004954CD /* Build configuration list for PBXProject "MultiPageLandscape" */ = {
			isa = XCConfigurationList;
			buildConfigurations = (
				5209007B23D78B11004954CD /* Debug */,
				5209007C23D78B11004954CD /* Release */,
			);
			defaultConfigurationIsVisible = 0;
			defaultConfigurationName = Release;
		};
		5209007D23D78B11004954CD /* Build configuration list for PBXNativeTarget "MultiPageLandscape" */ = {
			isa = XCConfigurationList;
			buildConfigurations = (
				5209007E23D78B11004954CD /* Debug */,
				5209007F23D78B11004954CD /* Release */,
			);
			defaultConfigurationIsVisible = 0;
			defaultConfigurationName = Release;
		};
		5209008023D78B11004954CD /* Build configuration list for PBXNativeTarget "MultiPageLandscapeTests" */ = {
			isa = XCConfigurationList;
			buildConfigurations = (
				5209008123D78B11004954CD /* Debug */,
				5209008223D78B11004954CD /* Release */,
			);
			defaultConfigurationIsVisible = 0;
			defaultConfigurationName = Release;
		};
		5209008323D78B11004954CD /* Build configuration list for PBXNativeTarget "MultiPageLandscapeUITests" */ = {
			isa = XCConfigurationList;
			buildConfigurations = (
				5209008423D78B11004954CD /* Debug */,
				5209008523D78B11004954CD /* Release */,
			);
			defaultConfigurationIsVisible = 0;
			defaultConfigurationName = Release;
		};
/* End XCConfigurationList section */
	};
	rootObject = 5209004D23D78B10004954CD /* Project object */;
}
